// !$*UTF8*$!
{
	archiveVersion = 1;
	classes = {
	};
	objectVersion = 46;
	objects = {

/* Begin PBXBuildFile section */
		2A6340A51E5BA995000224DB /* JukeboxViewController.m in Sources */ = {isa = PBXBuildFile; fileRef = 2A6340A41E5BA995000224DB /* JukeboxViewController.m */; };
		2A6340AE1E5BAC0E000224DB /* JukeboxWebViewController.m in Sources */ = {isa = PBXBuildFile; fileRef = 2A6340AD1E5BAC0E000224DB /* JukeboxWebViewController.m */; };
		2A6A51E21E29C6CA00643AEB /* main.m in Sources */ = {isa = PBXBuildFile; fileRef = 2A6A51E11E29C6CA00643AEB /* main.m */; };
		2A6A51E51E29C6CA00643AEB /* AppDelegate.m in Sources */ = {isa = PBXBuildFile; fileRef = 2A6A51E41E29C6CA00643AEB /* AppDelegate.m */; };
		2A6A51E81E29C6CA00643AEB /* ViewController.m in Sources */ = {isa = PBXBuildFile; fileRef = 2A6A51E71E29C6CA00643AEB /* ViewController.m */; };
		2A6A51EB1E29C6CA00643AEB /* Main.storyboard in Resources */ = {isa = PBXBuildFile; fileRef = 2A6A51E91E29C6CA00643AEB /* Main.storyboard */; };
		2A6A51ED1E29C6CA00643AEB /* Assets.xcassets in Resources */ = {isa = PBXBuildFile; fileRef = 2A6A51EC1E29C6CA00643AEB /* Assets.xcassets */; };
		2A6A51F01E29C6CA00643AEB /* LaunchScreen.storyboard in Resources */ = {isa = PBXBuildFile; fileRef = 2A6A51EE1E29C6CA00643AEB /* LaunchScreen.storyboard */; };
		2A6A51FB1E29C6CA00643AEB /* JukeboxTests.m in Sources */ = {isa = PBXBuildFile; fileRef = 2A6A51FA1E29C6CA00643AEB /* JukeboxTests.m */; };
		2A6A52081E29C6F800643AEB /* SpotifyAudioPlayback.framework in Frameworks */ = {isa = PBXBuildFile; fileRef = 2A6A52061E29C6F800643AEB /* SpotifyAudioPlayback.framework */; };
		2A6A52091E29C6F800643AEB /* SpotifyAuthentication.framework in Frameworks */ = {isa = PBXBuildFile; fileRef = 2A6A52071E29C6F800643AEB /* SpotifyAuthentication.framework */; };
		2A6A520C1E29C71500643AEB /* AVFoundation.framework in Frameworks */ = {isa = PBXBuildFile; fileRef = 2A6A520B1E29C71500643AEB /* AVFoundation.framework */; };
		2A6A520E1E29C71D00643AEB /* SystemConfiguration.framework in Frameworks */ = {isa = PBXBuildFile; fileRef = 2A6A520D1E29C71D00643AEB /* SystemConfiguration.framework */; };
		2A6A52471E29D03E00643AEB /* SpotifyMetadata.framework in Frameworks */ = {isa = PBXBuildFile; fileRef = 2A6A52461E29D03E00643AEB /* SpotifyMetadata.framework */; };
		2A6A524A1E29D11100643AEB /* LoginController.m in Sources */ = {isa = PBXBuildFile; fileRef = 2A6A52491E29D11100643AEB /* LoginController.m */; };
		2A6A524D1E29D15100643AEB /* WebViewController.m in Sources */ = {isa = PBXBuildFile; fileRef = 2A6A524C1E29D15100643AEB /* WebViewController.m */; };
		2A6A524F1E29D17700643AEB /* backdrop.png in Resources */ = {isa = PBXBuildFile; fileRef = 2A6A524E1E29D17700643AEB /* backdrop.png */; };
		2A6A52521E2A07EB00643AEB /* PartyController.m in Sources */ = {isa = PBXBuildFile; fileRef = 2A6A52511E2A07EB00643AEB /* PartyController.m */; };
		2A6A52551E2A944500643AEB /* Jukebox@2x.png in Resources */ = {isa = PBXBuildFile; fileRef = 2A6A52531E2A944500643AEB /* Jukebox@2x.png */; };
		2A6A52561E2A944500643AEB /* Jukebox@1x.png in Resources */ = {isa = PBXBuildFile; fileRef = 2A6A52541E2A944500643AEB /* Jukebox@1x.png */; };
		2A6A52591E2A94D100643AEB /* JukeboxSmall@2x.png in Resources */ = {isa = PBXBuildFile; fileRef = 2A6A52571E2A94D100643AEB /* JukeboxSmall@2x.png */; };
		2A6A525A1E2A94D100643AEB /* JukeboxSmall@1x.png in Resources */ = {isa = PBXBuildFile; fileRef = 2A6A52581E2A94D100643AEB /* JukeboxSmall@1x.png */; };
		2A6A52631E2A992200643AEB /* Play@1x.png in Resources */ = {isa = PBXBuildFile; fileRef = 2A6A52611E2A992200643AEB /* Play@1x.png */; };
		2A6A52641E2A992200643AEB /* Play@2x.png in Resources */ = {isa = PBXBuildFile; fileRef = 2A6A52621E2A992200643AEB /* Play@2x.png */; };
		2A6A52691E2A99AD00643AEB /* Next@1x.png in Resources */ = {isa = PBXBuildFile; fileRef = 2A6A52651E2A99AD00643AEB /* Next@1x.png */; };
		2A6A526A1E2A99AD00643AEB /* Next@2x.png in Resources */ = {isa = PBXBuildFile; fileRef = 2A6A52661E2A99AD00643AEB /* Next@2x.png */; };
		2A6A526B1E2A99AD00643AEB /* Pause@1x.png in Resources */ = {isa = PBXBuildFile; fileRef = 2A6A52671E2A99AD00643AEB /* Pause@1x.png */; };
		2A6A526C1E2A99AD00643AEB /* Pause@2x.png in Resources */ = {isa = PBXBuildFile; fileRef = 2A6A52681E2A99AD00643AEB /* Pause@2x.png */; };
		2A6A526F1E2AA48900643AEB /* Arrow@1x.png in Resources */ = {isa = PBXBuildFile; fileRef = 2A6A526D1E2AA48900643AEB /* Arrow@1x.png */; };
		2A6A52701E2AA48900643AEB /* Arrow@2x.png in Resources */ = {isa = PBXBuildFile; fileRef = 2A6A526E1E2AA48900643AEB /* Arrow@2x.png */; };
/* End PBXBuildFile section */

/* Begin PBXContainerItemProxy section */
		2A6A51F71E29C6CA00643AEB /* PBXContainerItemProxy */ = {
			isa = PBXContainerItemProxy;
			containerPortal = 2A6A51D51E29C6CA00643AEB /* Project object */;
			proxyType = 1;
			remoteGlobalIDString = 2A6A51DC1E29C6CA00643AEB;
			remoteInfo = Jukebox;
		};
/* End PBXContainerItemProxy section */

/* Begin PBXFileReference section */
		2A6340A31E5BA995000224DB /* JukeboxViewController.h */ = {isa = PBXFileReference; fileEncoding = 4; lastKnownFileType = sourcecode.c.h; path = JukeboxViewController.h; sourceTree = "<group>"; };
		2A6340A41E5BA995000224DB /* JukeboxViewController.m */ = {isa = PBXFileReference; fileEncoding = 4; lastKnownFileType = sourcecode.c.objc; path = JukeboxViewController.m; sourceTree = "<group>"; };
		2A6340AC1E5BAC0E000224DB /* JukeboxWebViewController.h */ = {isa = PBXFileReference; fileEncoding = 4; lastKnownFileType = sourcecode.c.h; path = JukeboxWebViewController.h; sourceTree = "<group>"; };
		2A6340AD1E5BAC0E000224DB /* JukeboxWebViewController.m */ = {isa = PBXFileReference; fileEncoding = 4; lastKnownFileType = sourcecode.c.objc; path = JukeboxWebViewController.m; sourceTree = "<group>"; };
		2A6A51DD1E29C6CA00643AEB /* Jukebox.app */ = {isa = PBXFileReference; explicitFileType = wrapper.application; includeInIndex = 0; path = Jukebox.app; sourceTree = BUILT_PRODUCTS_DIR; };
		2A6A51E11E29C6CA00643AEB /* main.m */ = {isa = PBXFileReference; lastKnownFileType = sourcecode.c.objc; path = main.m; sourceTree = "<group>"; };
		2A6A51E31E29C6CA00643AEB /* AppDelegate.h */ = {isa = PBXFileReference; lastKnownFileType = sourcecode.c.h; path = AppDelegate.h; sourceTree = "<group>"; };
		2A6A51E41E29C6CA00643AEB /* AppDelegate.m */ = {isa = PBXFileReference; lastKnownFileType = sourcecode.c.objc; path = AppDelegate.m; sourceTree = "<group>"; };
		2A6A51E61E29C6CA00643AEB /* ViewController.h */ = {isa = PBXFileReference; lastKnownFileType = sourcecode.c.h; path = ViewController.h; sourceTree = "<group>"; };
		2A6A51E71E29C6CA00643AEB /* ViewController.m */ = {isa = PBXFileReference; lastKnownFileType = sourcecode.c.objc; path = ViewController.m; sourceTree = "<group>"; };
		2A6A51EA1E29C6CA00643AEB /* Base */ = {isa = PBXFileReference; lastKnownFileType = file.storyboard; name = Base; path = Base.lproj/Main.storyboard; sourceTree = "<group>"; };
		2A6A51EC1E29C6CA00643AEB /* Assets.xcassets */ = {isa = PBXFileReference; lastKnownFileType = folder.assetcatalog; path = Assets.xcassets; sourceTree = "<group>"; };
		2A6A51EF1E29C6CA00643AEB /* Base */ = {isa = PBXFileReference; lastKnownFileType = file.storyboard; name = Base; path = Base.lproj/LaunchScreen.storyboard; sourceTree = "<group>"; };
		2A6A51F11E29C6CA00643AEB /* Info.plist */ = {isa = PBXFileReference; lastKnownFileType = text.plist.xml; path = Info.plist; sourceTree = "<group>"; };
		2A6A51F61E29C6CA00643AEB /* JukeboxTests.xctest */ = {isa = PBXFileReference; explicitFileType = wrapper.cfbundle; includeInIndex = 0; path = JukeboxTests.xctest; sourceTree = BUILT_PRODUCTS_DIR; };
		2A6A51FA1E29C6CA00643AEB /* JukeboxTests.m */ = {isa = PBXFileReference; lastKnownFileType = sourcecode.c.objc; path = JukeboxTests.m; sourceTree = "<group>"; };
		2A6A51FC1E29C6CA00643AEB /* Info.plist */ = {isa = PBXFileReference; lastKnownFileType = text.plist.xml; path = Info.plist; sourceTree = "<group>"; };
		2A6A52061E29C6F800643AEB /* SpotifyAudioPlayback.framework */ = {isa = PBXFileReference; lastKnownFileType = wrapper.framework; path = SpotifyAudioPlayback.framework; sourceTree = "<group>"; };
		2A6A52071E29C6F800643AEB /* SpotifyAuthentication.framework */ = {isa = PBXFileReference; lastKnownFileType = wrapper.framework; path = SpotifyAuthentication.framework; sourceTree = "<group>"; };
		2A6A520B1E29C71500643AEB /* AVFoundation.framework */ = {isa = PBXFileReference; lastKnownFileType = wrapper.framework; name = AVFoundation.framework; path = System/Library/Frameworks/AVFoundation.framework; sourceTree = SDKROOT; };
		2A6A520D1E29C71D00643AEB /* SystemConfiguration.framework */ = {isa = PBXFileReference; lastKnownFileType = wrapper.framework; name = SystemConfiguration.framework; path = System/Library/Frameworks/SystemConfiguration.framework; sourceTree = SDKROOT; };
		2A6A52451E29CFC600643AEB /* Config.h */ = {isa = PBXFileReference; lastKnownFileType = sourcecode.c.h; path = Config.h; sourceTree = "<group>"; };
		2A6A52461E29D03E00643AEB /* SpotifyMetadata.framework */ = {isa = PBXFileReference; lastKnownFileType = wrapper.framework; path = SpotifyMetadata.framework; sourceTree = "<group>"; };
		2A6A52481E29D0E300643AEB /* LoginController.h */ = {isa = PBXFileReference; lastKnownFileType = sourcecode.c.h; path = LoginController.h; sourceTree = "<group>"; };
		2A6A52491E29D11100643AEB /* LoginController.m */ = {isa = PBXFileReference; fileEncoding = 4; lastKnownFileType = sourcecode.c.objc; path = LoginController.m; sourceTree = "<group>"; };
		2A6A524B1E29D13800643AEB /* WebViewController.h */ = {isa = PBXFileReference; lastKnownFileType = sourcecode.c.h; path = WebViewController.h; sourceTree = "<group>"; };
		2A6A524C1E29D15100643AEB /* WebViewController.m */ = {isa = PBXFileReference; fileEncoding = 4; lastKnownFileType = sourcecode.c.objc; path = WebViewController.m; sourceTree = "<group>"; };
		2A6A524E1E29D17700643AEB /* backdrop.png */ = {isa = PBXFileReference; lastKnownFileType = image.png; path = backdrop.png; sourceTree = "<group>"; };
		2A6A52501E2A07C100643AEB /* PartyController.h */ = {isa = PBXFileReference; lastKnownFileType = sourcecode.c.h; path = PartyController.h; sourceTree = "<group>"; };
		2A6A52511E2A07EB00643AEB /* PartyController.m */ = {isa = PBXFileReference; fileEncoding = 4; lastKnownFileType = sourcecode.c.objc; path = PartyController.m; sourceTree = "<group>"; };
		2A6A52531E2A944500643AEB /* Jukebox@2x.png */ = {isa = PBXFileReference; lastKnownFileType = image.png; path = "Jukebox@2x.png"; sourceTree = "<group>"; };
		2A6A52541E2A944500643AEB /* Jukebox@1x.png */ = {isa = PBXFileReference; lastKnownFileType = image.png; path = "Jukebox@1x.png"; sourceTree = "<group>"; };
		2A6A52571E2A94D100643AEB /* JukeboxSmall@2x.png */ = {isa = PBXFileReference; lastKnownFileType = image.png; path = "JukeboxSmall@2x.png"; sourceTree = "<group>"; };
		2A6A52581E2A94D100643AEB /* JukeboxSmall@1x.png */ = {isa = PBXFileReference; lastKnownFileType = image.png; path = "JukeboxSmall@1x.png"; sourceTree = "<group>"; };
		2A6A52611E2A992200643AEB /* Play@1x.png */ = {isa = PBXFileReference; lastKnownFileType = image.png; path = "Play@1x.png"; sourceTree = "<group>"; };
		2A6A52621E2A992200643AEB /* Play@2x.png */ = {isa = PBXFileReference; lastKnownFileType = image.png; path = "Play@2x.png"; sourceTree = "<group>"; };
		2A6A52651E2A99AD00643AEB /* Next@1x.png */ = {isa = PBXFileReference; lastKnownFileType = image.png; path = "Next@1x.png"; sourceTree = "<group>"; };
		2A6A52661E2A99AD00643AEB /* Next@2x.png */ = {isa = PBXFileReference; lastKnownFileType = image.png; path = "Next@2x.png"; sourceTree = "<group>"; };
		2A6A52671E2A99AD00643AEB /* Pause@1x.png */ = {isa = PBXFileReference; lastKnownFileType = image.png; path = "Pause@1x.png"; sourceTree = "<group>"; };
		2A6A52681E2A99AD00643AEB /* Pause@2x.png */ = {isa = PBXFileReference; lastKnownFileType = image.png; path = "Pause@2x.png"; sourceTree = "<group>"; };
		2A6A526D1E2AA48900643AEB /* Arrow@1x.png */ = {isa = PBXFileReference; lastKnownFileType = image.png; path = "Arrow@1x.png"; sourceTree = "<group>"; };
		2A6A526E1E2AA48900643AEB /* Arrow@2x.png */ = {isa = PBXFileReference; lastKnownFileType = image.png; path = "Arrow@2x.png"; sourceTree = "<group>"; };
/* End PBXFileReference section */

/* Begin PBXFrameworksBuildPhase section */
		2A6A51DA1E29C6CA00643AEB /* Frameworks */ = {
			isa = PBXFrameworksBuildPhase;
			buildActionMask = 2147483647;
			files = (
				2A6A52471E29D03E00643AEB /* SpotifyMetadata.framework in Frameworks */,
				2A6A520E1E29C71D00643AEB /* SystemConfiguration.framework in Frameworks */,
				2A6A520C1E29C71500643AEB /* AVFoundation.framework in Frameworks */,
				2A6A52081E29C6F800643AEB /* SpotifyAudioPlayback.framework in Frameworks */,
				2A6A52091E29C6F800643AEB /* SpotifyAuthentication.framework in Frameworks */,
			);
			runOnlyForDeploymentPostprocessing = 0;
		};
		2A6A51F31E29C6CA00643AEB /* Frameworks */ = {
			isa = PBXFrameworksBuildPhase;
			buildActionMask = 2147483647;
			files = (
			);
			runOnlyForDeploymentPostprocessing = 0;
		};
/* End PBXFrameworksBuildPhase section */

/* Begin PBXGroup section */
		2A6A51D41E29C6CA00643AEB = {
			isa = PBXGroup;
			children = (
				2A6A51DF1E29C6CA00643AEB /* Jukebox */,
				2A6A51F91E29C6CA00643AEB /* JukeboxTests */,
				2A6A51DE1E29C6CA00643AEB /* Products */,
				2A6A520A1E29C71500643AEB /* Frameworks */,
			);
			sourceTree = "<group>";
		};
		2A6A51DE1E29C6CA00643AEB /* Products */ = {
			isa = PBXGroup;
			children = (
				2A6A51DD1E29C6CA00643AEB /* Jukebox.app */,
				2A6A51F61E29C6CA00643AEB /* JukeboxTests.xctest */,
			);
			name = Products;
			sourceTree = "<group>";
		};
		2A6A51DF1E29C6CA00643AEB /* Jukebox */ = {
			isa = PBXGroup;
			children = (
				2A6A52051E29C6E400643AEB /* Frameworks */,
				2A6A51E31E29C6CA00643AEB /* AppDelegate.h */,
				2A6340A31E5BA995000224DB /* JukeboxViewController.h */,
				2A6340A41E5BA995000224DB /* JukeboxViewController.m */,
				2A6A52451E29CFC600643AEB /* Config.h */,
				2A6A51E41E29C6CA00643AEB /* AppDelegate.m */,
				2A6A51E61E29C6CA00643AEB /* ViewController.h */,
				2A6A51E71E29C6CA00643AEB /* ViewController.m */,
				2A6A52481E29D0E300643AEB /* LoginController.h */,
				2A6A52491E29D11100643AEB /* LoginController.m */,
				2A6A52501E2A07C100643AEB /* PartyController.h */,
				2A6A52511E2A07EB00643AEB /* PartyController.m */,
				2A6A524B1E29D13800643AEB /* WebViewController.h */,
				2A6A524C1E29D15100643AEB /* WebViewController.m */,
				2A6340AC1E5BAC0E000224DB /* JukeboxWebViewController.h */,
				2A6340AD1E5BAC0E000224DB /* JukeboxWebViewController.m */,
				2A6A51E91E29C6CA00643AEB /* Main.storyboard */,
				2A6A51EC1E29C6CA00643AEB /* Assets.xcassets */,
				2A6A51EE1E29C6CA00643AEB /* LaunchScreen.storyboard */,
				2A6A51F11E29C6CA00643AEB /* Info.plist */,
				2A6A51E01E29C6CA00643AEB /* Supporting Files */,
			);
			path = Jukebox;
			sourceTree = "<group>";
		};
		2A6A51E01E29C6CA00643AEB /* Supporting Files */ = {
			isa = PBXGroup;
			children = (
				2A6A526D1E2AA48900643AEB /* Arrow@1x.png */,
				2A6A526E1E2AA48900643AEB /* Arrow@2x.png */,
				2A6A52651E2A99AD00643AEB /* Next@1x.png */,
				2A6A52661E2A99AD00643AEB /* Next@2x.png */,
				2A6A52671E2A99AD00643AEB /* Pause@1x.png */,
				2A6A52681E2A99AD00643AEB /* Pause@2x.png */,
				2A6A52611E2A992200643AEB /* Play@1x.png */,
				2A6A52621E2A992200643AEB /* Play@2x.png */,
				2A6A52571E2A94D100643AEB /* JukeboxSmall@2x.png */,
				2A6A52581E2A94D100643AEB /* JukeboxSmall@1x.png */,
				2A6A52531E2A944500643AEB /* Jukebox@2x.png */,
				2A6A52541E2A944500643AEB /* Jukebox@1x.png */,
				2A6A524E1E29D17700643AEB /* backdrop.png */,
				2A6A51E11E29C6CA00643AEB /* main.m */,
			);
			name = "Supporting Files";
			sourceTree = "<group>";
		};
		2A6A51F91E29C6CA00643AEB /* JukeboxTests */ = {
			isa = PBXGroup;
			children = (
				2A6A51FA1E29C6CA00643AEB /* JukeboxTests.m */,
				2A6A51FC1E29C6CA00643AEB /* Info.plist */,
			);
			path = JukeboxTests;
			sourceTree = "<group>";
		};
		2A6A52051E29C6E400643AEB /* Frameworks */ = {
			isa = PBXGroup;
			children = (
				2A6A52461E29D03E00643AEB /* SpotifyMetadata.framework */,
				2A6A52061E29C6F800643AEB /* SpotifyAudioPlayback.framework */,
				2A6A52071E29C6F800643AEB /* SpotifyAuthentication.framework */,
			);
			name = Frameworks;
			sourceTree = "<group>";
		};
		2A6A520A1E29C71500643AEB /* Frameworks */ = {
			isa = PBXGroup;
			children = (
				2A6A520D1E29C71D00643AEB /* SystemConfiguration.framework */,
				2A6A520B1E29C71500643AEB /* AVFoundation.framework */,
			);
			name = Frameworks;
			sourceTree = "<group>";
		};
/* End PBXGroup section */

/* Begin PBXNativeTarget section */
		2A6A51DC1E29C6CA00643AEB /* Jukebox */ = {
			isa = PBXNativeTarget;
			buildConfigurationList = 2A6A51FF1E29C6CA00643AEB /* Build configuration list for PBXNativeTarget "Jukebox" */;
			buildPhases = (
				2A6A51D91E29C6CA00643AEB /* Sources */,
				2A6A51DA1E29C6CA00643AEB /* Frameworks */,
				2A6A51DB1E29C6CA00643AEB /* Resources */,
			);
			buildRules = (
			);
			dependencies = (
			);
			name = Jukebox;
			productName = Jukebox;
			productReference = 2A6A51DD1E29C6CA00643AEB /* Jukebox.app */;
			productType = "com.apple.product-type.application";
		};
		2A6A51F51E29C6CA00643AEB /* JukeboxTests */ = {
			isa = PBXNativeTarget;
			buildConfigurationList = 2A6A52021E29C6CA00643AEB /* Build configuration list for PBXNativeTarget "JukeboxTests" */;
			buildPhases = (
				2A6A51F21E29C6CA00643AEB /* Sources */,
				2A6A51F31E29C6CA00643AEB /* Frameworks */,
				2A6A51F41E29C6CA00643AEB /* Resources */,
			);
			buildRules = (
			);
			dependencies = (
				2A6A51F81E29C6CA00643AEB /* PBXTargetDependency */,
			);
			name = JukeboxTests;
			productName = JukeboxTests;
			productReference = 2A6A51F61E29C6CA00643AEB /* JukeboxTests.xctest */;
			productType = "com.apple.product-type.bundle.unit-test";
		};
/* End PBXNativeTarget section */

/* Begin PBXProject section */
		2A6A51D51E29C6CA00643AEB /* Project object */ = {
			isa = PBXProject;
			attributes = {
				LastUpgradeCheck = 0820;
				ORGANIZATIONNAME = "The Shmansion";
				TargetAttributes = {
					2A6A51DC1E29C6CA00643AEB = {
						CreatedOnToolsVersion = 8.2.1;
						DevelopmentTeam = HXDEDURD95;
						ProvisioningStyle = Automatic;
						SystemCapabilities = {
							com.apple.BackgroundModes = {
								enabled = 1;
							};
						};
					};
					2A6A51F51E29C6CA00643AEB = {
						CreatedOnToolsVersion = 8.2.1;
						ProvisioningStyle = Automatic;
						TestTargetID = 2A6A51DC1E29C6CA00643AEB;
					};
				};
			};
			buildConfigurationList = 2A6A51D81E29C6CA00643AEB /* Build configuration list for PBXProject "Jukebox" */;
			compatibilityVersion = "Xcode 3.2";
			developmentRegion = English;
			hasScannedForEncodings = 0;
			knownRegions = (
				en,
				Base,
			);
			mainGroup = 2A6A51D41E29C6CA00643AEB;
			productRefGroup = 2A6A51DE1E29C6CA00643AEB /* Products */;
			projectDirPath = "";
			projectRoot = "";
			targets = (
				2A6A51DC1E29C6CA00643AEB /* Jukebox */,
				2A6A51F51E29C6CA00643AEB /* JukeboxTests */,
			);
		};
/* End PBXProject section */

/* Begin PBXResourcesBuildPhase section */
		2A6A51DB1E29C6CA00643AEB /* Resources */ = {
			isa = PBXResourcesBuildPhase;
			buildActionMask = 2147483647;
			files = (
				2A6A52641E2A992200643AEB /* Play@2x.png in Resources */,
				2A6A525A1E2A94D100643AEB /* JukeboxSmall@1x.png in Resources */,
				2A6A52691E2A99AD00643AEB /* Next@1x.png in Resources */,
				2A6A52631E2A992200643AEB /* Play@1x.png in Resources */,
				2A6A52701E2AA48900643AEB /* Arrow@2x.png in Resources */,
				2A6A51F01E29C6CA00643AEB /* LaunchScreen.storyboard in Resources */,
				2A6A526C1E2A99AD00643AEB /* Pause@2x.png in Resources */,
				2A6A52551E2A944500643AEB /* Jukebox@2x.png in Resources */,
				2A6A52561E2A944500643AEB /* Jukebox@1x.png in Resources */,
				2A6A526A1E2A99AD00643AEB /* Next@2x.png in Resources */,
				2A6A524F1E29D17700643AEB /* backdrop.png in Resources */,
				2A6A526F1E2AA48900643AEB /* Arrow@1x.png in Resources */,
				2A6A51ED1E29C6CA00643AEB /* Assets.xcassets in Resources */,
				2A6A526B1E2A99AD00643AEB /* Pause@1x.png in Resources */,
				2A6A51EB1E29C6CA00643AEB /* Main.storyboard in Resources */,
				2A6A52591E2A94D100643AEB /* JukeboxSmall@2x.png in Resources */,
			);
			runOnlyForDeploymentPostprocessing = 0;
		};
		2A6A51F41E29C6CA00643AEB /* Resources */ = {
			isa = PBXResourcesBuildPhase;
			buildActionMask = 2147483647;
			files = (
			);
			runOnlyForDeploymentPostprocessing = 0;
		};
/* End PBXResourcesBuildPhase section */

/* Begin PBXSourcesBuildPhase section */
		2A6A51D91E29C6CA00643AEB /* Sources */ = {
			isa = PBXSourcesBuildPhase;
			buildActionMask = 2147483647;
			files = (
				2A6A51E81E29C6CA00643AEB /* ViewController.m in Sources */,
				2A6A524D1E29D15100643AEB /* WebViewController.m in Sources */,
				2A6340AE1E5BAC0E000224DB /* JukeboxWebViewController.m in Sources */,
				2A6A524A1E29D11100643AEB /* LoginController.m in Sources */,
				2A6A51E51E29C6CA00643AEB /* AppDelegate.m in Sources */,
				2A6340A51E5BA995000224DB /* JukeboxViewController.m in Sources */,
				2A6A52521E2A07EB00643AEB /* PartyController.m in Sources */,
				2A6A51E21E29C6CA00643AEB /* main.m in Sources */,
			);
			runOnlyForDeploymentPostprocessing = 0;
		};
		2A6A51F21E29C6CA00643AEB /* Sources */ = {
			isa = PBXSourcesBuildPhase;
			buildActionMask = 2147483647;
			files = (
				2A6A51FB1E29C6CA00643AEB /* JukeboxTests.m in Sources */,
			);
			runOnlyForDeploymentPostprocessing = 0;
		};
/* End PBXSourcesBuildPhase section */

/* Begin PBXTargetDependency section */
		2A6A51F81E29C6CA00643AEB /* PBXTargetDependency */ = {
			isa = PBXTargetDependency;
			target = 2A6A51DC1E29C6CA00643AEB /* Jukebox */;
			targetProxy = 2A6A51F71E29C6CA00643AEB /* PBXContainerItemProxy */;
		};
/* End PBXTargetDependency section */

/* Begin PBXVariantGroup section */
		2A6A51E91E29C6CA00643AEB /* Main.storyboard */ = {
			isa = PBXVariantGroup;
			children = (
				2A6A51EA1E29C6CA00643AEB /* Base */,
			);
			name = Main.storyboard;
			sourceTree = "<group>";
		};
		2A6A51EE1E29C6CA00643AEB /* LaunchScreen.storyboard */ = {
			isa = PBXVariantGroup;
			children = (
				2A6A51EF1E29C6CA00643AEB /* Base */,
			);
			name = LaunchScreen.storyboard;
			sourceTree = "<group>";
		};
/* End PBXVariantGroup section */

/* Begin XCBuildConfiguration section */
		2A6A51FD1E29C6CA00643AEB /* Debug */ = {
			isa = XCBuildConfiguration;
			buildSettings = {
				ALWAYS_SEARCH_USER_PATHS = NO;
				CLANG_ANALYZER_NONNULL = YES;
				CLANG_CXX_LANGUAGE_STANDARD = "gnu++0x";
				CLANG_CXX_LIBRARY = "libc++";
				CLANG_ENABLE_MODULES = YES;
				CLANG_ENABLE_OBJC_ARC = YES;
				CLANG_WARN_BOOL_CONVERSION = YES;
				CLANG_WARN_CONSTANT_CONVERSION = YES;
				CLANG_WARN_DIRECT_OBJC_ISA_USAGE = YES_ERROR;
				CLANG_WARN_DOCUMENTATION_COMMENTS = YES;
				CLANG_WARN_EMPTY_BODY = YES;
				CLANG_WARN_ENUM_CONVERSION = YES;
				CLANG_WARN_INFINITE_RECURSION = YES;
				CLANG_WARN_INT_CONVERSION = YES;
				CLANG_WARN_OBJC_ROOT_CLASS = YES_ERROR;
				CLANG_WARN_SUSPICIOUS_MOVE = YES;
				CLANG_WARN_UNREACHABLE_CODE = YES;
				CLANG_WARN__DUPLICATE_METHOD_MATCH = YES;
				"CODE_SIGN_IDENTITY[sdk=iphoneos*]" = "iPhone Developer";
				COPY_PHASE_STRIP = NO;
				DEBUG_INFORMATION_FORMAT = dwarf;
				ENABLE_STRICT_OBJC_MSGSEND = YES;
				ENABLE_TESTABILITY = YES;
				GCC_C_LANGUAGE_STANDARD = gnu99;
				GCC_DYNAMIC_NO_PIC = NO;
				GCC_NO_COMMON_BLOCKS = YES;
				GCC_OPTIMIZATION_LEVEL = 0;
				GCC_PREPROCESSOR_DEFINITIONS = (
					"DEBUG=1",
					"$(inherited)",
				);
				GCC_WARN_64_TO_32_BIT_CONVERSION = YES;
				GCC_WARN_ABOUT_RETURN_TYPE = YES_ERROR;
				GCC_WARN_UNDECLARED_SELECTOR = YES;
				GCC_WARN_UNINITIALIZED_AUTOS = YES_AGGRESSIVE;
				GCC_WARN_UNUSED_FUNCTION = YES;
				GCC_WARN_UNUSED_VARIABLE = YES;
				IPHONEOS_DEPLOYMENT_TARGET = 10.2;
				MTL_ENABLE_DEBUG_INFO = YES;
				ONLY_ACTIVE_ARCH = YES;
				SDKROOT = iphoneos;
				TARGETED_DEVICE_FAMILY = "1,2";
			};
			name = Debug;
		};
		2A6A51FE1E29C6CA00643AEB /* Release */ = {
			isa = XCBuildConfiguration;
			buildSettings = {
				ALWAYS_SEARCH_USER_PATHS = NO;
				CLANG_ANALYZER_NONNULL = YES;
				CLANG_CXX_LANGUAGE_STANDARD = "gnu++0x";
				CLANG_CXX_LIBRARY = "libc++";
				CLANG_ENABLE_MODULES = YES;
				CLANG_ENABLE_OBJC_ARC = YES;
				CLANG_WARN_BOOL_CONVERSION = YES;
				CLANG_WARN_CONSTANT_CONVERSION = YES;
				CLANG_WARN_DIRECT_OBJC_ISA_USAGE = YES_ERROR;
				CLANG_WARN_DOCUMENTATION_COMMENTS = YES;
				CLANG_WARN_EMPTY_BODY = YES;
				CLANG_WARN_ENUM_CONVERSION = YES;
				CLANG_WARN_INFINITE_RECURSION = YES;
				CLANG_WARN_INT_CONVERSION = YES;
				CLANG_WARN_OBJC_ROOT_CLASS = YES_ERROR;
				CLANG_WARN_SUSPICIOUS_MOVE = YES;
				CLANG_WARN_UNREACHABLE_CODE = YES;
				CLANG_WARN__DUPLICATE_METHOD_MATCH = YES;
				"CODE_SIGN_IDENTITY[sdk=iphoneos*]" = "iPhone Developer";
				COPY_PHASE_STRIP = NO;
				DEBUG_INFORMATION_FORMAT = "dwarf-with-dsym";
				ENABLE_NS_ASSERTIONS = NO;
				ENABLE_STRICT_OBJC_MSGSEND = YES;
				GCC_C_LANGUAGE_STANDARD = gnu99;
				GCC_NO_COMMON_BLOCKS = YES;
				GCC_WARN_64_TO_32_BIT_CONVERSION = YES;
				GCC_WARN_ABOUT_RETURN_TYPE = YES_ERROR;
				GCC_WARN_UNDECLARED_SELECTOR = YES;
				GCC_WARN_UNINITIALIZED_AUTOS = YES_AGGRESSIVE;
				GCC_WARN_UNUSED_FUNCTION = YES;
				GCC_WARN_UNUSED_VARIABLE = YES;
				IPHONEOS_DEPLOYMENT_TARGET = 10.2;
				MTL_ENABLE_DEBUG_INFO = NO;
				SDKROOT = iphoneos;
				TARGETED_DEVICE_FAMILY = "1,2";
				VALIDATE_PRODUCT = YES;
			};
			name = Release;
		};
		2A6A52001E29C6CA00643AEB /* Debug */ = {
			isa = XCBuildConfiguration;
			buildSettings = {
				ASSETCATALOG_COMPILER_APPICON_NAME = AppIcon;
				DEVELOPMENT_TEAM = HXDEDURD95;
				FRAMEWORK_SEARCH_PATHS = (
					"$(inherited)",
					"$(PROJECT_DIR)/Jukebox",
				);
				INFOPLIST_FILE = Jukebox/Info.plist;
				LD_RUNPATH_SEARCH_PATHS = "$(inherited) @executable_path/Frameworks";
				OTHER_LDFLAGS = "-ObjC";
				PRODUCT_BUNDLE_IDENTIFIER = com.shmansion.Jukebox;
				PRODUCT_NAME = "$(TARGET_NAME)";
			};
			name = Debug;
		};
		2A6A52011E29C6CA00643AEB /* Release */ = {
			isa = XCBuildConfiguration;
			buildSettings = {
				ASSETCATALOG_COMPILER_APPICON_NAME = AppIcon;
				DEVELOPMENT_TEAM = HXDEDURD95;
				FRAMEWORK_SEARCH_PATHS = (
					"$(inherited)",
					"$(PROJECT_DIR)/Jukebox",
				);
				INFOPLIST_FILE = Jukebox/Info.plist;
				LD_RUNPATH_SEARCH_PATHS = "$(inherited) @executable_path/Frameworks";
				OTHER_LDFLAGS = "-ObjC";
				PRODUCT_BUNDLE_IDENTIFIER = com.shmansion.Jukebox;
				PRODUCT_NAME = "$(TARGET_NAME)";
			};
			name = Release;
		};
		2A6A52031E29C6CA00643AEB /* Debug */ = {
			isa = XCBuildConfiguration;
			buildSettings = {
				BUNDLE_LOADER = "$(TEST_HOST)";
				INFOPLIST_FILE = JukeboxTests/Info.plist;
				LD_RUNPATH_SEARCH_PATHS = "$(inherited) @executable_path/Frameworks @loader_path/Frameworks";
				PRODUCT_BUNDLE_IDENTIFIER = com.shmansion.JukeboxTests;
				PRODUCT_NAME = "$(TARGET_NAME)";
				TEST_HOST = "$(BUILT_PRODUCTS_DIR)/Jukebox.app/Jukebox";
			};
			name = Debug;
		};
		2A6A52041E29C6CA00643AEB /* Release */ = {
			isa = XCBuildConfiguration;
			buildSettings = {
				BUNDLE_LOADER = "$(TEST_HOST)";
				INFOPLIST_FILE = JukeboxTests/Info.plist;
				LD_RUNPATH_SEARCH_PATHS = "$(inherited) @executable_path/Frameworks @loader_path/Frameworks";
				PRODUCT_BUNDLE_IDENTIFIER = com.shmansion.JukeboxTests;
				PRODUCT_NAME = "$(TARGET_NAME)";
				TEST_HOST = "$(BUILT_PRODUCTS_DIR)/Jukebox.app/Jukebox";
			};
			name = Release;
		};
/* End XCBuildConfiguration section */

/* Begin XCConfigurationList section */
		2A6A51D81E29C6CA00643AEB /* Build configuration list for PBXProject "Jukebox" */ = {
			isa = XCConfigurationList;
			buildConfigurations = (
				2A6A51FD1E29C6CA00643AEB /* Debug */,
				2A6A51FE1E29C6CA00643AEB /* Release */,
			);
			defaultConfigurationIsVisible = 0;
			defaultConfigurationName = Release;
		};
		2A6A51FF1E29C6CA00643AEB /* Build configuration list for PBXNativeTarget "Jukebox" */ = {
			isa = XCConfigurationList;
			buildConfigurations = (
				2A6A52001E29C6CA00643AEB /* Debug */,
				2A6A52011E29C6CA00643AEB /* Release */,
			);
			defaultConfigurationIsVisible = 0;
			defaultConfigurationName = Release;
		};
		2A6A52021E29C6CA00643AEB /* Build configuration list for PBXNativeTarget "JukeboxTests" */ = {
			isa = XCConfigurationList;
			buildConfigurations = (
				2A6A52031E29C6CA00643AEB /* Debug */,
				2A6A52041E29C6CA00643AEB /* Release */,
			);
			defaultConfigurationIsVisible = 0;
			defaultConfigurationName = Release;
		};
/* End XCConfigurationList section */
	};
	rootObject = 2A6A51D51E29C6CA00643AEB /* Project object */;
}
